{
  "name": "com",
  "version": "1.0.0",
  "lockfileVersion": 3,
  "requires": true,
  "packages": {
    "": {
      "name": "com",
      "version": "1.0.0",
      "license": "ISC",
      "dependencies": {
        "binary-id": "^1.7.9",
        "zod": "^3.23.8"
      }
    },
    "node_modules/binary-id": {
      "version": "1.7.9",
      "resolved": "https://registry.npmjs.org/binary-id/-/binary-id-1.7.9.tgz",
      "integrity": "sha512-4H9mwKpwt+MGgYFfXCQmYeocKRQQnx70H0HUeNXvdrp3Ld4cIsku9oUyYgkc0vcyKBSc/sHPM11PLuOU/kyJqQ==",
      "license": "MIT"
    },
    "node_modules/zod": {
      "version": "3.23.8",
      "resolved": "https://registry.npmjs.org/zod/-/zod-3.23.8.tgz",
      "integrity": "sha512-XBx9AXhXktjUqnepgTiE5flcKIYWi/rme0Eaj+5Y0lftuGBq+jyRu/md4WnuxqgP1ubdpNCsYEYPxrzVHD8d6g==",
      "license": "MIT",
      "funding": {
        "url": "https://github.com/sponsors/colinhacks"
      }
    }
  }
}
